// !$*UTF8*$!
{
	archiveVersion = 1;
	classes = {
	};
	objectVersion = 46;
	objects = {

/* Begin PBXBuildFile section */
		05BED774F86442838FE42B18 /* OpenSans-Medium.ttf in Resources */ = {isa = PBXBuildFile; fileRef = E5ED561B28054A2086515064 /* OpenSans-Medium.ttf */; };
		13B07FBC1A68108700A75B9A /* AppDelegate.m in Sources */ = {isa = PBXBuildFile; fileRef = 13B07FB01A68108700A75B9A /* AppDelegate.m */; };
		13B07FBF1A68108700A75B9A /* Images.xcassets in Resources */ = {isa = PBXBuildFile; fileRef = 13B07FB51A68108700A75B9A /* Images.xcassets */; };
		13B07FC11A68108700A75B9A /* main.m in Sources */ = {isa = PBXBuildFile; fileRef = 13B07FB71A68108700A75B9A /* main.m */; };
		1CCE499915AB4A8891B17ECE /* SFProDisplay-Thin.ttf in Resources */ = {isa = PBXBuildFile; fileRef = 6452207C0BFF465E926D0B0D /* SFProDisplay-Thin.ttf */; };
		245ED34FE40B47529437765C /* SFProDisplay-Bold.ttf in Resources */ = {isa = PBXBuildFile; fileRef = C53F9B50591D4CF29A1304A5 /* SFProDisplay-Bold.ttf */; };
		3C5706F9AA914FD3B70D292C /* face-2.png in Resources */ = {isa = PBXBuildFile; fileRef = 904DECBF292A4D2385AA3A71 /* face-2.png */; };
		3E461D99554A48A4959DE609 /* SplashScreen.storyboard in Resources */ = {isa = PBXBuildFile; fileRef = AA286B85B6C04FC6940260E9 /* SplashScreen.storyboard */; };
		43026FAD5865425FA48A43EB /* OpenSans-Bold.ttf in Resources */ = {isa = PBXBuildFile; fileRef = BB60AC27DCF24B1CA5C48EAA /* OpenSans-Bold.ttf */; };
		4E561586C9BB48F8979F0FF5 /* fontello.ttf in Resources */ = {isa = PBXBuildFile; fileRef = 8CDCEB9E9EFF48A7B17C2DC6 /* fontello.ttf */; };
		5169E21BC80E443CA8861A57 /* face-1.png in Resources */ = {isa = PBXBuildFile; fileRef = E8CEEE30E7A746F384A9EDFC /* face-1.png */; };
		5776A4C3B8EF49DDA7721EA6 /* OpenSans-Light.ttf in Resources */ = {isa = PBXBuildFile; fileRef = 9A58EE5EB283498BBCA6E5A8 /* OpenSans-Light.ttf */; };
		5BB7115FD58D47E796F25249 /* SFProDisplay-Black.ttf in Resources */ = {isa = PBXBuildFile; fileRef = 53EBFC8671CB4B699521A518 /* SFProDisplay-Black.ttf */; };
		6075B931F5044A53B77D5D0A /* OpenSans-ExtraBold.ttf in Resources */ = {isa = PBXBuildFile; fileRef = F27AFDB34DEA49BB9FBEEF8E /* OpenSans-ExtraBold.ttf */; };
		68B25948AE2E4BD9BB7C98FE /* OpenSans-Italic.ttf in Resources */ = {isa = PBXBuildFile; fileRef = 43F42A43F5C64922A10C8565 /* OpenSans-Italic.ttf */; };
		69E94102AEE341D196D65080 /* SFProDisplay-Semibold.ttf in Resources */ = {isa = PBXBuildFile; fileRef = 962DFE2CF4014A3A986632E0 /* SFProDisplay-Semibold.ttf */; };
		6E10DFB6887B47B4B711BB13 /* fontello.woff in Resources */ = {isa = PBXBuildFile; fileRef = 407CDC142E7B46A880D53B39 /* fontello.woff */; };
		77171AF73DDE4BCEA4253C5D /* SFProDisplay-Regular.ttf in Resources */ = {isa = PBXBuildFile; fileRef = 4CBCBE230BA3462B8022B28E /* SFProDisplay-Regular.ttf */; };
		7DB05865840C44768A89766E /* fontello.woff2 in Resources */ = {isa = PBXBuildFile; fileRef = FE33B87AE998493DAA0B3EFD /* fontello.woff2 */; };
		96905EF65AED1B983A6B3ABC /* libPods-jcalc.a in Frameworks */ = {isa = PBXBuildFile; fileRef = 58EEBF8E8E6FB1BC6CAF49B5 /* libPods-jcalc.a */; };
		AA3407D34D574BC49C99E168 /* SFProDisplay-Ultralight.ttf in Resources */ = {isa = PBXBuildFile; fileRef = 3FBE8F829598454794A50780 /* SFProDisplay-Ultralight.ttf */; };
		B18059E884C0ABDD17F3DC3D /* ExpoModulesProvider.swift in Sources */ = {isa = PBXBuildFile; fileRef = FAC715A2D49A985799AEE119 /* ExpoModulesProvider.swift */; };
		B6F8A7EA8A904BA08C692B5A /* OpenSans-Regular.ttf in Resources */ = {isa = PBXBuildFile; fileRef = FD51D5CD102E40D0BDD2E771 /* OpenSans-Regular.ttf */; };
		BB2F792D24A3F905000567C9 /* Expo.plist in Resources */ = {isa = PBXBuildFile; fileRef = BB2F792C24A3F905000567C9 /* Expo.plist */; };
		C038C0709ED54AF5A5A7664C /* SFProDisplay-Light.ttf in Resources */ = {isa = PBXBuildFile; fileRef = 48AC85C6F9B5497F92AA48BD /* SFProDisplay-Light.ttf */; };
		CF612F312D804E9AAA6B5EDD /* fontello.svg in Resources */ = {isa = PBXBuildFile; fileRef = 07DE717CCB474857823C0DD7 /* fontello.svg */; };
		D7AFE295C467405782853FBC /* SFProDisplay-Medium.ttf in Resources */ = {isa = PBXBuildFile; fileRef = F34E50C574A041DBAA9848B5 /* SFProDisplay-Medium.ttf */; };
		FC712B7D14354FA68942576C /* SFProDisplay-Heavy.ttf in Resources */ = {isa = PBXBuildFile; fileRef = EFB5D1EDCA234196B78730CC /* SFProDisplay-Heavy.ttf */; };
		FF72146300B443FD8945A1D5 /* OpenSans-SemiBold.ttf in Resources */ = {isa = PBXBuildFile; fileRef = 3F10EDD9229F43DEA764DD5F /* OpenSans-SemiBold.ttf */; };
/* End PBXBuildFile section */

/* Begin PBXFileReference section */
		008F07F21AC5B25A0029DE68 /* main.jsbundle */ = {isa = PBXFileReference; fileEncoding = 4; lastKnownFileType = text; path = main.jsbundle; sourceTree = "<group>"; };
		07DE717CCB474857823C0DD7 /* fontello.svg */ = {isa = PBXFileReference; explicitFileType = undefined; fileEncoding = undefined; includeInIndex = 0; lastKnownFileType = unknown; name = fontello.svg; path = ../src/assets/fonts/fontello/font/fontello.svg; sourceTree = "<group>"; };
		13B07F961A680F5B00A75B9A /* jcalc.app */ = {isa = PBXFileReference; explicitFileType = wrapper.application; includeInIndex = 0; path = jcalc.app; sourceTree = BUILT_PRODUCTS_DIR; };
		13B07FAF1A68108700A75B9A /* AppDelegate.h */ = {isa = PBXFileReference; fileEncoding = 4; lastKnownFileType = sourcecode.c.h; name = AppDelegate.h; path = jcalc/AppDelegate.h; sourceTree = "<group>"; };
		13B07FB01A68108700A75B9A /* AppDelegate.m */ = {isa = PBXFileReference; fileEncoding = 4; lastKnownFileType = sourcecode.c.objc; name = AppDelegate.m; path = jcalc/AppDelegate.m; sourceTree = "<group>"; };
		13B07FB51A68108700A75B9A /* Images.xcassets */ = {isa = PBXFileReference; lastKnownFileType = folder.assetcatalog; name = Images.xcassets; path = jcalc/Images.xcassets; sourceTree = "<group>"; };
		13B07FB61A68108700A75B9A /* Info.plist */ = {isa = PBXFileReference; fileEncoding = 4; lastKnownFileType = text.plist.xml; name = Info.plist; path = jcalc/Info.plist; sourceTree = "<group>"; };
		13B07FB71A68108700A75B9A /* main.m */ = {isa = PBXFileReference; fileEncoding = 4; lastKnownFileType = sourcecode.c.objc; name = main.m; path = jcalc/main.m; sourceTree = "<group>"; };
		3F10EDD9229F43DEA764DD5F /* OpenSans-SemiBold.ttf */ = {isa = PBXFileReference; explicitFileType = undefined; fileEncoding = undefined; includeInIndex = 0; lastKnownFileType = unknown; name = "OpenSans-SemiBold.ttf"; path = "../src/assets/fonts/OpenSans/OpenSans-SemiBold.ttf"; sourceTree = "<group>"; };
		3FBE8F829598454794A50780 /* SFProDisplay-Ultralight.ttf */ = {isa = PBXFileReference; explicitFileType = undefined; fileEncoding = undefined; includeInIndex = 0; lastKnownFileType = unknown; name = "SFProDisplay-Ultralight.ttf"; path = "../src/assets/fonts/SFProDisplay/SFProDisplay-Ultralight.ttf"; sourceTree = "<group>"; };
		407CDC142E7B46A880D53B39 /* fontello.woff */ = {isa = PBXFileReference; explicitFileType = undefined; fileEncoding = undefined; includeInIndex = 0; lastKnownFileType = unknown; name = fontello.woff; path = ../src/assets/fonts/fontello/font/fontello.woff; sourceTree = "<group>"; };
		43F42A43F5C64922A10C8565 /* OpenSans-Italic.ttf */ = {isa = PBXFileReference; explicitFileType = undefined; fileEncoding = undefined; includeInIndex = 0; lastKnownFileType = unknown; name = "OpenSans-Italic.ttf"; path = "../src/assets/fonts/OpenSans/OpenSans-Italic.ttf"; sourceTree = "<group>"; };
		48AC85C6F9B5497F92AA48BD /* SFProDisplay-Light.ttf */ = {isa = PBXFileReference; explicitFileType = undefined; fileEncoding = undefined; includeInIndex = 0; lastKnownFileType = unknown; name = "SFProDisplay-Light.ttf"; path = "../src/assets/fonts/SFProDisplay/SFProDisplay-Light.ttf"; sourceTree = "<group>"; };
		4CBCBE230BA3462B8022B28E /* SFProDisplay-Regular.ttf */ = {isa = PBXFileReference; explicitFileType = undefined; fileEncoding = undefined; includeInIndex = 0; lastKnownFileType = unknown; name = "SFProDisplay-Regular.ttf"; path = "../src/assets/fonts/SFProDisplay/SFProDisplay-Regular.ttf"; sourceTree = "<group>"; };
		53EBFC8671CB4B699521A518 /* SFProDisplay-Black.ttf */ = {isa = PBXFileReference; explicitFileType = undefined; fileEncoding = undefined; includeInIndex = 0; lastKnownFileType = unknown; name = "SFProDisplay-Black.ttf"; path = "../src/assets/fonts/SFProDisplay/SFProDisplay-Black.ttf"; sourceTree = "<group>"; };
		58EEBF8E8E6FB1BC6CAF49B5 /* libPods-jcalc.a */ = {isa = PBXFileReference; explicitFileType = archive.ar; includeInIndex = 0; path = "libPods-jcalc.a"; sourceTree = BUILT_PRODUCTS_DIR; };
		6452207C0BFF465E926D0B0D /* SFProDisplay-Thin.ttf */ = {isa = PBXFileReference; explicitFileType = undefined; fileEncoding = undefined; includeInIndex = 0; lastKnownFileType = unknown; name = "SFProDisplay-Thin.ttf"; path = "../src/assets/fonts/SFProDisplay/SFProDisplay-Thin.ttf"; sourceTree = "<group>"; };
		6C2E3173556A471DD304B334 /* Pods-jcalc.debug.xcconfig */ = {isa = PBXFileReference; includeInIndex = 1; lastKnownFileType = text.xcconfig; name = "Pods-jcalc.debug.xcconfig"; path = "Target Support Files/Pods-jcalc/Pods-jcalc.debug.xcconfig"; sourceTree = "<group>"; };
		7A4D352CD337FB3A3BF06240 /* Pods-jcalc.release.xcconfig */ = {isa = PBXFileReference; includeInIndex = 1; lastKnownFileType = text.xcconfig; name = "Pods-jcalc.release.xcconfig"; path = "Target Support Files/Pods-jcalc/Pods-jcalc.release.xcconfig"; sourceTree = "<group>"; };
		8CDCEB9E9EFF48A7B17C2DC6 /* fontello.ttf */ = {isa = PBXFileReference; explicitFileType = undefined; fileEncoding = undefined; includeInIndex = 0; lastKnownFileType = unknown; name = fontello.ttf; path = ../src/assets/fonts/fontello/font/fontello.ttf; sourceTree = "<group>"; };
		904DECBF292A4D2385AA3A71 /* face-2.png */ = {isa = PBXFileReference; explicitFileType = undefined; fileEncoding = undefined; includeInIndex = 0; lastKnownFileType = unknown; name = "face-2.png"; path = "../src/assets/image/face-2.png"; sourceTree = "<group>"; };
		962DFE2CF4014A3A986632E0 /* SFProDisplay-Semibold.ttf */ = {isa = PBXFileReference; explicitFileType = undefined; fileEncoding = undefined; includeInIndex = 0; lastKnownFileType = unknown; name = "SFProDisplay-Semibold.ttf"; path = "../src/assets/fonts/SFProDisplay/SFProDisplay-Semibold.ttf"; sourceTree = "<group>"; };
		9A58EE5EB283498BBCA6E5A8 /* OpenSans-Light.ttf */ = {isa = PBXFileReference; explicitFileType = undefined; fileEncoding = undefined; includeInIndex = 0; lastKnownFileType = unknown; name = "OpenSans-Light.ttf"; path = "../src/assets/fonts/OpenSans/OpenSans-Light.ttf"; sourceTree = "<group>"; };
		AA286B85B6C04FC6940260E9 /* SplashScreen.storyboard */ = {isa = PBXFileReference; fileEncoding = 4; lastKnownFileType = file.storyboard; name = SplashScreen.storyboard; path = jcalc/SplashScreen.storyboard; sourceTree = "<group>"; };
		BB2F792C24A3F905000567C9 /* Expo.plist */ = {isa = PBXFileReference; fileEncoding = 4; lastKnownFileType = text.plist.xml; path = Expo.plist; sourceTree = "<group>"; };
		BB60AC27DCF24B1CA5C48EAA /* OpenSans-Bold.ttf */ = {isa = PBXFileReference; explicitFileType = undefined; fileEncoding = undefined; includeInIndex = 0; lastKnownFileType = unknown; name = "OpenSans-Bold.ttf"; path = "../src/assets/fonts/OpenSans/OpenSans-Bold.ttf"; sourceTree = "<group>"; };
		C53F9B50591D4CF29A1304A5 /* SFProDisplay-Bold.ttf */ = {isa = PBXFileReference; explicitFileType = undefined; fileEncoding = undefined; includeInIndex = 0; lastKnownFileType = unknown; name = "SFProDisplay-Bold.ttf"; path = "../src/assets/fonts/SFProDisplay/SFProDisplay-Bold.ttf"; sourceTree = "<group>"; };
		E5ED561B28054A2086515064 /* OpenSans-Medium.ttf */ = {isa = PBXFileReference; explicitFileType = undefined; fileEncoding = undefined; includeInIndex = 0; lastKnownFileType = unknown; name = "OpenSans-Medium.ttf"; path = "../src/assets/fonts/OpenSans/OpenSans-Medium.ttf"; sourceTree = "<group>"; };
		E8CEEE30E7A746F384A9EDFC /* face-1.png */ = {isa = PBXFileReference; explicitFileType = undefined; fileEncoding = undefined; includeInIndex = 0; lastKnownFileType = unknown; name = "face-1.png"; path = "../src/assets/image/face-1.png"; sourceTree = "<group>"; };
		ED297162215061F000B7C4FE /* JavaScriptCore.framework */ = {isa = PBXFileReference; lastKnownFileType = wrapper.framework; name = JavaScriptCore.framework; path = System/Library/Frameworks/JavaScriptCore.framework; sourceTree = SDKROOT; };
		EFB5D1EDCA234196B78730CC /* SFProDisplay-Heavy.ttf */ = {isa = PBXFileReference; explicitFileType = undefined; fileEncoding = undefined; includeInIndex = 0; lastKnownFileType = unknown; name = "SFProDisplay-Heavy.ttf"; path = "../src/assets/fonts/SFProDisplay/SFProDisplay-Heavy.ttf"; sourceTree = "<group>"; };
		F27AFDB34DEA49BB9FBEEF8E /* OpenSans-ExtraBold.ttf */ = {isa = PBXFileReference; explicitFileType = undefined; fileEncoding = undefined; includeInIndex = 0; lastKnownFileType = unknown; name = "OpenSans-ExtraBold.ttf"; path = "../src/assets/fonts/OpenSans/OpenSans-ExtraBold.ttf"; sourceTree = "<group>"; };
		F34E50C574A041DBAA9848B5 /* SFProDisplay-Medium.ttf */ = {isa = PBXFileReference; explicitFileType = undefined; fileEncoding = undefined; includeInIndex = 0; lastKnownFileType = unknown; name = "SFProDisplay-Medium.ttf"; path = "../src/assets/fonts/SFProDisplay/SFProDisplay-Medium.ttf"; sourceTree = "<group>"; };
		FAC715A2D49A985799AEE119 /* ExpoModulesProvider.swift */ = {isa = PBXFileReference; includeInIndex = 1; lastKnownFileType = sourcecode.swift; name = ExpoModulesProvider.swift; path = "Pods/Target Support Files/Pods-jcalc/ExpoModulesProvider.swift"; sourceTree = "<group>"; };
		FD51D5CD102E40D0BDD2E771 /* OpenSans-Regular.ttf */ = {isa = PBXFileReference; explicitFileType = undefined; fileEncoding = undefined; includeInIndex = 0; lastKnownFileType = unknown; name = "OpenSans-Regular.ttf"; path = "../src/assets/fonts/OpenSans/OpenSans-Regular.ttf"; sourceTree = "<group>"; };
		FE33B87AE998493DAA0B3EFD /* fontello.woff2 */ = {isa = PBXFileReference; explicitFileType = undefined; fileEncoding = undefined; includeInIndex = 0; lastKnownFileType = unknown; name = fontello.woff2; path = ../src/assets/fonts/fontello/font/fontello.woff2; sourceTree = "<group>"; };
/* End PBXFileReference section */

/* Begin PBXFrameworksBuildPhase section */
		13B07F8C1A680F5B00A75B9A /* Frameworks */ = {
			isa = PBXFrameworksBuildPhase;
			buildActionMask = 2147483647;
			files = (
				96905EF65AED1B983A6B3ABC /* libPods-jcalc.a in Frameworks */,
			);
			runOnlyForDeploymentPostprocessing = 0;
		};
/* End PBXFrameworksBuildPhase section */

/* Begin PBXGroup section */
		13B07FAE1A68108700A75B9A /* jcalc */ = {
			isa = PBXGroup;
			children = (
				BB2F792B24A3F905000567C9 /* Supporting */,
				008F07F21AC5B25A0029DE68 /* main.jsbundle */,
				13B07FAF1A68108700A75B9A /* AppDelegate.h */,
				13B07FB01A68108700A75B9A /* AppDelegate.m */,
				13B07FB51A68108700A75B9A /* Images.xcassets */,
				13B07FB61A68108700A75B9A /* Info.plist */,
				13B07FB71A68108700A75B9A /* main.m */,
				AA286B85B6C04FC6940260E9 /* SplashScreen.storyboard */,
			);
			name = jcalc;
			sourceTree = "<group>";
		};
		2D16E6871FA4F8E400B85C8A /* Frameworks */ = {
			isa = PBXGroup;
			children = (
				ED297162215061F000B7C4FE /* JavaScriptCore.framework */,
				58EEBF8E8E6FB1BC6CAF49B5 /* libPods-jcalc.a */,
			);
			name = Frameworks;
			sourceTree = "<group>";
		};
		6767FB6DBCCD40109704C501 /* Resources */ = {
			isa = PBXGroup;
			children = (
				07DE717CCB474857823C0DD7 /* fontello.svg */,
				8CDCEB9E9EFF48A7B17C2DC6 /* fontello.ttf */,
				407CDC142E7B46A880D53B39 /* fontello.woff */,
				FE33B87AE998493DAA0B3EFD /* fontello.woff2 */,
				BB60AC27DCF24B1CA5C48EAA /* OpenSans-Bold.ttf */,
				F27AFDB34DEA49BB9FBEEF8E /* OpenSans-ExtraBold.ttf */,
				43F42A43F5C64922A10C8565 /* OpenSans-Italic.ttf */,
				9A58EE5EB283498BBCA6E5A8 /* OpenSans-Light.ttf */,
				E5ED561B28054A2086515064 /* OpenSans-Medium.ttf */,
				FD51D5CD102E40D0BDD2E771 /* OpenSans-Regular.ttf */,
				3F10EDD9229F43DEA764DD5F /* OpenSans-SemiBold.ttf */,
				53EBFC8671CB4B699521A518 /* SFProDisplay-Black.ttf */,
				C53F9B50591D4CF29A1304A5 /* SFProDisplay-Bold.ttf */,
				EFB5D1EDCA234196B78730CC /* SFProDisplay-Heavy.ttf */,
				48AC85C6F9B5497F92AA48BD /* SFProDisplay-Light.ttf */,
				F34E50C574A041DBAA9848B5 /* SFProDisplay-Medium.ttf */,
				4CBCBE230BA3462B8022B28E /* SFProDisplay-Regular.ttf */,
				962DFE2CF4014A3A986632E0 /* SFProDisplay-Semibold.ttf */,
				6452207C0BFF465E926D0B0D /* SFProDisplay-Thin.ttf */,
				3FBE8F829598454794A50780 /* SFProDisplay-Ultralight.ttf */,
				E8CEEE30E7A746F384A9EDFC /* face-1.png */,
				904DECBF292A4D2385AA3A71 /* face-2.png */,
			);
			name = Resources;
			path = "";
			sourceTree = "<group>";
		};
		832341AE1AAA6A7D00B99B32 /* Libraries */ = {
			isa = PBXGroup;
			children = (
			);
			name = Libraries;
			sourceTree = "<group>";
		};
		83CBB9F61A601CBA00E9B192 = {
			isa = PBXGroup;
			children = (
				13B07FAE1A68108700A75B9A /* jcalc */,
				832341AE1AAA6A7D00B99B32 /* Libraries */,
				83CBBA001A601CBA00E9B192 /* Products */,
				2D16E6871FA4F8E400B85C8A /* Frameworks */,
				D65327D7A22EEC0BE12398D9 /* Pods */,
				D7E4C46ADA2E9064B798F356 /* ExpoModulesProviders */,
				6767FB6DBCCD40109704C501 /* Resources */,
			);
			indentWidth = 2;
			sourceTree = "<group>";
			tabWidth = 2;
			usesTabs = 0;
		};
		83CBBA001A601CBA00E9B192 /* Products */ = {
			isa = PBXGroup;
			children = (
				13B07F961A680F5B00A75B9A /* jcalc.app */,
			);
			name = Products;
			sourceTree = "<group>";
		};
		92DBD88DE9BF7D494EA9DA96 /* jcalc */ = {
			isa = PBXGroup;
			children = (
				FAC715A2D49A985799AEE119 /* ExpoModulesProvider.swift */,
			);
			name = jcalc;
			sourceTree = "<group>";
		};
		BB2F792B24A3F905000567C9 /* Supporting */ = {
			isa = PBXGroup;
			children = (
				BB2F792C24A3F905000567C9 /* Expo.plist */,
			);
			name = Supporting;
			path = jcalc/Supporting;
			sourceTree = "<group>";
		};
		D65327D7A22EEC0BE12398D9 /* Pods */ = {
			isa = PBXGroup;
			children = (
				6C2E3173556A471DD304B334 /* Pods-jcalc.debug.xcconfig */,
				7A4D352CD337FB3A3BF06240 /* Pods-jcalc.release.xcconfig */,
			);
			path = Pods;
			sourceTree = "<group>";
		};
		D7E4C46ADA2E9064B798F356 /* ExpoModulesProviders */ = {
			isa = PBXGroup;
			children = (
				92DBD88DE9BF7D494EA9DA96 /* jcalc */,
			);
			name = ExpoModulesProviders;
			sourceTree = "<group>";
		};
/* End PBXGroup section */

/* Begin PBXNativeTarget section */
		13B07F861A680F5B00A75B9A /* jcalc */ = {
			isa = PBXNativeTarget;
			buildConfigurationList = 13B07F931A680F5B00A75B9A /* Build configuration list for PBXNativeTarget "jcalc" */;
			buildPhases = (
				08A4A3CD28434E44B6B9DE2E /* [CP] Check Pods Manifest.lock */,
				FD10A7F022414F080027D42C /* Start Packager */,
				13B07F871A680F5B00A75B9A /* Sources */,
				13B07F8C1A680F5B00A75B9A /* Frameworks */,
				13B07F8E1A680F5B00A75B9A /* Resources */,
				00DD1BFF1BD5951E006B06BC /* Bundle React Native code and images */,
				800E24972A6A228C8D4807E9 /* [CP] Copy Pods Resources */,
			);
			buildRules = (
			);
			dependencies = (
			);
			name = jcalc;
			productName = jcalc;
			productReference = 13B07F961A680F5B00A75B9A /* jcalc.app */;
			productType = "com.apple.product-type.application";
		};
/* End PBXNativeTarget section */

/* Begin PBXProject section */
		83CBB9F71A601CBA00E9B192 /* Project object */ = {
			isa = PBXProject;
			attributes = {
				LastUpgradeCheck = 1130;
				TargetAttributes = {
					13B07F861A680F5B00A75B9A = {
						LastSwiftMigration = 1250;
					};
				};
			};
			buildConfigurationList = 83CBB9FA1A601CBA00E9B192 /* Build configuration list for PBXProject "jcalc" */;
			compatibilityVersion = "Xcode 3.2";
			developmentRegion = en;
			hasScannedForEncodings = 0;
			knownRegions = (
				en,
				Base,
			);
			mainGroup = 83CBB9F61A601CBA00E9B192;
			productRefGroup = 83CBBA001A601CBA00E9B192 /* Products */;
			projectDirPath = "";
			projectRoot = "";
			targets = (
				13B07F861A680F5B00A75B9A /* jcalc */,
			);
		};
/* End PBXProject section */

/* Begin PBXResourcesBuildPhase section */
		13B07F8E1A680F5B00A75B9A /* Resources */ = {
			isa = PBXResourcesBuildPhase;
			buildActionMask = 2147483647;
			files = (
				BB2F792D24A3F905000567C9 /* Expo.plist in Resources */,
				13B07FBF1A68108700A75B9A /* Images.xcassets in Resources */,
				3E461D99554A48A4959DE609 /* SplashScreen.storyboard in Resources */,
				CF612F312D804E9AAA6B5EDD /* fontello.svg in Resources */,
				4E561586C9BB48F8979F0FF5 /* fontello.ttf in Resources */,
				6E10DFB6887B47B4B711BB13 /* fontello.woff in Resources */,
				7DB05865840C44768A89766E /* fontello.woff2 in Resources */,
				43026FAD5865425FA48A43EB /* OpenSans-Bold.ttf in Resources */,
				6075B931F5044A53B77D5D0A /* OpenSans-ExtraBold.ttf in Resources */,
				68B25948AE2E4BD9BB7C98FE /* OpenSans-Italic.ttf in Resources */,
				5776A4C3B8EF49DDA7721EA6 /* OpenSans-Light.ttf in Resources */,
				05BED774F86442838FE42B18 /* OpenSans-Medium.ttf in Resources */,
				B6F8A7EA8A904BA08C692B5A /* OpenSans-Regular.ttf in Resources */,
				FF72146300B443FD8945A1D5 /* OpenSans-SemiBold.ttf in Resources */,
				5BB7115FD58D47E796F25249 /* SFProDisplay-Black.ttf in Resources */,
				245ED34FE40B47529437765C /* SFProDisplay-Bold.ttf in Resources */,
				FC712B7D14354FA68942576C /* SFProDisplay-Heavy.ttf in Resources */,
				C038C0709ED54AF5A5A7664C /* SFProDisplay-Light.ttf in Resources */,
				D7AFE295C467405782853FBC /* SFProDisplay-Medium.ttf in Resources */,
				77171AF73DDE4BCEA4253C5D /* SFProDisplay-Regular.ttf in Resources */,
				69E94102AEE341D196D65080 /* SFProDisplay-Semibold.ttf in Resources */,
				1CCE499915AB4A8891B17ECE /* SFProDisplay-Thin.ttf in Resources */,
				AA3407D34D574BC49C99E168 /* SFProDisplay-Ultralight.ttf in Resources */,
				5169E21BC80E443CA8861A57 /* face-1.png in Resources */,
				3C5706F9AA914FD3B70D292C /* face-2.png in Resources */,
			);
			runOnlyForDeploymentPostprocessing = 0;
		};
/* End PBXResourcesBuildPhase section */

/* Begin PBXShellScriptBuildPhase section */
		00DD1BFF1BD5951E006B06BC /* Bundle React Native code and images */ = {
			isa = PBXShellScriptBuildPhase;
			buildActionMask = 2147483647;
			files = (
			);
			inputPaths = (
			);
			name = "Bundle React Native code and images";
			outputPaths = (
			);
			runOnlyForDeploymentPostprocessing = 0;
			shellPath = /bin/sh;
			shellScript = "export NODE_BINARY=node\n\n# The project root by default is one level up from the ios directory\nexport PROJECT_ROOT=\"$PROJECT_DIR\"/..\n\n`node --print \"require('path').dirname(require.resolve('react-native/package.json')) + '/scripts/react-native-xcode.sh'\"`\n";
		};
		08A4A3CD28434E44B6B9DE2E /* [CP] Check Pods Manifest.lock */ = {
			isa = PBXShellScriptBuildPhase;
			buildActionMask = 2147483647;
			files = (
			);
			inputFileListPaths = (
			);
			inputPaths = (
				"${PODS_PODFILE_DIR_PATH}/Podfile.lock",
				"${PODS_ROOT}/Manifest.lock",
			);
			name = "[CP] Check Pods Manifest.lock";
			outputFileListPaths = (
			);
			outputPaths = (
				"$(DERIVED_FILE_DIR)/Pods-jcalc-checkManifestLockResult.txt",
			);
			runOnlyForDeploymentPostprocessing = 0;
			shellPath = /bin/sh;
			shellScript = "diff \"${PODS_PODFILE_DIR_PATH}/Podfile.lock\" \"${PODS_ROOT}/Manifest.lock\" > /dev/null\nif [ $? != 0 ] ; then\n    # print error to STDERR\n    echo \"error: The sandbox is not in sync with the Podfile.lock. Run 'pod install' or update your CocoaPods installation.\" >&2\n    exit 1\nfi\n# This output is used by Xcode 'outputs' to avoid re-running this script phase.\necho \"SUCCESS\" > \"${SCRIPT_OUTPUT_FILE_0}\"\n";
			showEnvVarsInLog = 0;
		};
		800E24972A6A228C8D4807E9 /* [CP] Copy Pods Resources */ = {
			isa = PBXShellScriptBuildPhase;
			buildActionMask = 2147483647;
			files = (
			);
			inputPaths = (
				"${PODS_ROOT}/Target Support Files/Pods-jcalc/Pods-jcalc-resources.sh",
				"${PODS_CONFIGURATION_BUILD_DIR}/EXConstants/EXConstants.bundle",
				"${PODS_CONFIGURATION_BUILD_DIR}/EXUpdates/EXUpdates.bundle",
				"${PODS_CONFIGURATION_BUILD_DIR}/React-Core/AccessibilityResources.bundle",
			);
			name = "[CP] Copy Pods Resources";
			outputPaths = (
				"${TARGET_BUILD_DIR}/${UNLOCALIZED_RESOURCES_FOLDER_PATH}/EXConstants.bundle",
				"${TARGET_BUILD_DIR}/${UNLOCALIZED_RESOURCES_FOLDER_PATH}/EXUpdates.bundle",
				"${TARGET_BUILD_DIR}/${UNLOCALIZED_RESOURCES_FOLDER_PATH}/AccessibilityResources.bundle",
			);
			runOnlyForDeploymentPostprocessing = 0;
			shellPath = /bin/sh;
			shellScript = "\"${PODS_ROOT}/Target Support Files/Pods-jcalc/Pods-jcalc-resources.sh\"\n";
			showEnvVarsInLog = 0;
		};
		FD10A7F022414F080027D42C /* Start Packager */ = {
			isa = PBXShellScriptBuildPhase;
			buildActionMask = 2147483647;
			files = (
			);
			inputFileListPaths = (
			);
			inputPaths = (
			);
			name = "Start Packager";
			outputFileListPaths = (
			);
			outputPaths = (
			);
			runOnlyForDeploymentPostprocessing = 0;
			shellPath = /bin/sh;
			shellScript = "export RCT_METRO_PORT=\"${RCT_METRO_PORT:=8081}\"\necho \"export RCT_METRO_PORT=${RCT_METRO_PORT}\" > `node --print \"require('path').dirname(require.resolve('react-native/package.json')) + '/scripts/.packager.env'\"`\nif [ -z \"${RCT_NO_LAUNCH_PACKAGER+xxx}\" ] ; then\n  if nc -w 5 -z localhost ${RCT_METRO_PORT} ; then\n    if ! curl -s \"http://localhost:${RCT_METRO_PORT}/status\" | grep -q \"packager-status:running\" ; then\n      echo \"Port ${RCT_METRO_PORT} already in use, packager is either not running or not running correctly\"\n      exit 2\n    fi\n  else\n    open `node --print \"require('path').dirname(require.resolve('react-native/package.json')) + '/scripts/launchPackager.command'\"` || echo \"Can't start packager automatically\"\n  fi\nfi\n";
			showEnvVarsInLog = 0;
		};
/* End PBXShellScriptBuildPhase section */

/* Begin PBXSourcesBuildPhase section */
		13B07F871A680F5B00A75B9A /* Sources */ = {
			isa = PBXSourcesBuildPhase;
			buildActionMask = 2147483647;
			files = (
				13B07FBC1A68108700A75B9A /* AppDelegate.m in Sources */,
				13B07FC11A68108700A75B9A /* main.m in Sources */,
				B18059E884C0ABDD17F3DC3D /* ExpoModulesProvider.swift in Sources */,
			);
			runOnlyForDeploymentPostprocessing = 0;
		};
/* End PBXSourcesBuildPhase section */

/* Begin XCBuildConfiguration section */
		13B07F941A680F5B00A75B9A /* Debug */ = {
			isa = XCBuildConfiguration;
			baseConfigurationReference = 6C2E3173556A471DD304B334 /* Pods-jcalc.debug.xcconfig */;
			buildSettings = {
				ASSETCATALOG_COMPILER_APPICON_NAME = AppIcon;
				CLANG_ENABLE_MODULES = YES;
				CURRENT_PROJECT_VERSION = 1;
				ENABLE_BITCODE = NO;
				GCC_PREPROCESSOR_DEFINITIONS = (
					"$(inherited)",
					"FB_SONARKIT_ENABLED=1",
				);
				INFOPLIST_FILE = jcalc/Info.plist;
				IPHONEOS_DEPLOYMENT_TARGET = 12.0;
				LD_RUNPATH_SEARCH_PATHS = "$(inherited) @executable_path/Frameworks";
				OTHER_LDFLAGS = (
					"$(inherited)",
					"-ObjC",
					"-lc++",
				);
				PRODUCT_BUNDLE_IDENTIFIER = org.name.jcalc;
				PRODUCT_NAME = jcalc;
				SWIFT_OPTIMIZATION_LEVEL = "-Onone";
				SWIFT_VERSION = 5.0;
				VERSIONING_SYSTEM = "apple-generic";
			};
			name = Debug;
		};
		13B07F951A680F5B00A75B9A /* Release */ = {
			isa = XCBuildConfiguration;
			baseConfigurationReference = 7A4D352CD337FB3A3BF06240 /* Pods-jcalc.release.xcconfig */;
			buildSettings = {
				ASSETCATALOG_COMPILER_APPICON_NAME = AppIcon;
				CLANG_ENABLE_MODULES = YES;
				CURRENT_PROJECT_VERSION = 1;
				INFOPLIST_FILE = jcalc/Info.plist;
				IPHONEOS_DEPLOYMENT_TARGET = 12.0;
				LD_RUNPATH_SEARCH_PATHS = "$(inherited) @executable_path/Frameworks";
				OTHER_LDFLAGS = (
					"$(inherited)",
					"-ObjC",
					"-lc++",
				);
				PRODUCT_BUNDLE_IDENTIFIER = org.name.jcalc;
				PRODUCT_NAME = jcalc;
				SWIFT_VERSION = 5.0;
				VERSIONING_SYSTEM = "apple-generic";
			};
			name = Release;
		};
		83CBBA201A601CBA00E9B192 /* Debug */ = {
			isa = XCBuildConfiguration;
			buildSettings = {
				ALWAYS_SEARCH_USER_PATHS = NO;
				CLANG_ANALYZER_LOCALIZABILITY_NONLOCALIZED = YES;
				CLANG_CXX_LANGUAGE_STANDARD = "gnu++0x";
				CLANG_CXX_LIBRARY = "libc++";
				CLANG_ENABLE_MODULES = YES;
				CLANG_ENABLE_OBJC_ARC = YES;
				CLANG_WARN_BLOCK_CAPTURE_AUTORELEASING = YES;
				CLANG_WARN_BOOL_CONVERSION = YES;
				CLANG_WARN_COMMA = YES;
				CLANG_WARN_CONSTANT_CONVERSION = YES;
				CLANG_WARN_DEPRECATED_OBJC_IMPLEMENTATIONS = YES;
				CLANG_WARN_DIRECT_OBJC_ISA_USAGE = YES_ERROR;
				CLANG_WARN_EMPTY_BODY = YES;
				CLANG_WARN_ENUM_CONVERSION = YES;
				CLANG_WARN_INFINITE_RECURSION = YES;
				CLANG_WARN_INT_CONVERSION = YES;
				CLANG_WARN_NON_LITERAL_NULL_CONVERSION = YES;
				CLANG_WARN_OBJC_IMPLICIT_RETAIN_SELF = YES;
				CLANG_WARN_OBJC_LITERAL_CONVERSION = YES;
				CLANG_WARN_OBJC_ROOT_CLASS = YES_ERROR;
				CLANG_WARN_RANGE_LOOP_ANALYSIS = YES;
				CLANG_WARN_STRICT_PROTOTYPES = YES;
				CLANG_WARN_SUSPICIOUS_MOVE = YES;
				CLANG_WARN_UNREACHABLE_CODE = YES;
				CLANG_WARN__DUPLICATE_METHOD_MATCH = YES;
				"CODE_SIGN_IDENTITY[sdk=iphoneos*]" = "iPhone Developer";
				COPY_PHASE_STRIP = NO;
				ENABLE_STRICT_OBJC_MSGSEND = YES;
				ENABLE_TESTABILITY = YES;
				"EXCLUDED_ARCHS[sdk=iphonesimulator*]" = "arm64 ";
				GCC_C_LANGUAGE_STANDARD = gnu99;
				GCC_DYNAMIC_NO_PIC = NO;
				GCC_NO_COMMON_BLOCKS = YES;
				GCC_OPTIMIZATION_LEVEL = 0;
				GCC_PREPROCESSOR_DEFINITIONS = (
					"DEBUG=1",
					"$(inherited)",
				);
				GCC_SYMBOLS_PRIVATE_EXTERN = NO;
				GCC_WARN_64_TO_32_BIT_CONVERSION = YES;
				GCC_WARN_ABOUT_RETURN_TYPE = YES_ERROR;
				GCC_WARN_UNDECLARED_SELECTOR = YES;
				GCC_WARN_UNINITIALIZED_AUTOS = YES_AGGRESSIVE;
				GCC_WARN_UNUSED_FUNCTION = YES;
				GCC_WARN_UNUSED_VARIABLE = YES;
				IPHONEOS_DEPLOYMENT_TARGET = 12.0;
				LD_RUNPATH_SEARCH_PATHS = "/usr/lib/swift $(inherited)";
				LIBRARY_SEARCH_PATHS = "\"$(inherited)\"";
				MTL_ENABLE_DEBUG_INFO = YES;
				ONLY_ACTIVE_ARCH = YES;
				SDKROOT = iphoneos;
			};
			name = Debug;
		};
		83CBBA211A601CBA00E9B192 /* Release */ = {
			isa = XCBuildConfiguration;
			buildSettings = {
				ALWAYS_SEARCH_USER_PATHS = NO;
				CLANG_ANALYZER_LOCALIZABILITY_NONLOCALIZED = YES;
				CLANG_CXX_LANGUAGE_STANDARD = "gnu++0x";
				CLANG_CXX_LIBRARY = "libc++";
				CLANG_ENABLE_MODULES = YES;
				CLANG_ENABLE_OBJC_ARC = YES;
				CLANG_WARN_BLOCK_CAPTURE_AUTORELEASING = YES;
				CLANG_WARN_BOOL_CONVERSION = YES;
				CLANG_WARN_COMMA = YES;
				CLANG_WARN_CONSTANT_CONVERSION = YES;
				CLANG_WARN_DEPRECATED_OBJC_IMPLEMENTATIONS = YES;
				CLANG_WARN_DIRECT_OBJC_ISA_USAGE = YES_ERROR;
				CLANG_WARN_EMPTY_BODY = YES;
				CLANG_WARN_ENUM_CONVERSION = YES;
				CLANG_WARN_INFINITE_RECURSION = YES;
				CLANG_WARN_INT_CONVERSION = YES;
				CLANG_WARN_NON_LITERAL_NULL_CONVERSION = YES;
				CLANG_WARN_OBJC_IMPLICIT_RETAIN_SELF = YES;
				CLANG_WARN_OBJC_LITERAL_CONVERSION = YES;
				CLANG_WARN_OBJC_ROOT_CLASS = YES_ERROR;
				CLANG_WARN_RANGE_LOOP_ANALYSIS = YES;
				CLANG_WARN_STRICT_PROTOTYPES = YES;
				CLANG_WARN_SUSPICIOUS_MOVE = YES;
				CLANG_WARN_UNREACHABLE_CODE = YES;
				CLANG_WARN__DUPLICATE_METHOD_MATCH = YES;
				"CODE_SIGN_IDENTITY[sdk=iphoneos*]" = "iPhone Developer";
				COPY_PHASE_STRIP = YES;
				ENABLE_NS_ASSERTIONS = NO;
				ENABLE_STRICT_OBJC_MSGSEND = YES;
				"EXCLUDED_ARCHS[sdk=iphonesimulator*]" = "arm64 ";
				GCC_C_LANGUAGE_STANDARD = gnu99;
				GCC_NO_COMMON_BLOCKS = YES;
				GCC_WARN_64_TO_32_BIT_CONVERSION = YES;
				GCC_WARN_ABOUT_RETURN_TYPE = YES_ERROR;
				GCC_WARN_UNDECLARED_SELECTOR = YES;
				GCC_WARN_UNINITIALIZED_AUTOS = YES_AGGRESSIVE;
				GCC_WARN_UNUSED_FUNCTION = YES;
				GCC_WARN_UNUSED_VARIABLE = YES;
				IPHONEOS_DEPLOYMENT_TARGET = 12.0;
				LD_RUNPATH_SEARCH_PATHS = "/usr/lib/swift $(inherited)";
				LIBRARY_SEARCH_PATHS = "\"$(inherited)\"";
				MTL_ENABLE_DEBUG_INFO = NO;
				SDKROOT = iphoneos;
				VALIDATE_PRODUCT = YES;
			};
			name = Release;
		};
/* End XCBuildConfiguration section */

/* Begin XCConfigurationList section */
		13B07F931A680F5B00A75B9A /* Build configuration list for PBXNativeTarget "jcalc" */ = {
			isa = XCConfigurationList;
			buildConfigurations = (
				13B07F941A680F5B00A75B9A /* Debug */,
				13B07F951A680F5B00A75B9A /* Release */,
			);
			defaultConfigurationIsVisible = 0;
			defaultConfigurationName = Release;
		};
		83CBB9FA1A601CBA00E9B192 /* Build configuration list for PBXProject "jcalc" */ = {
			isa = XCConfigurationList;
			buildConfigurations = (
				83CBBA201A601CBA00E9B192 /* Debug */,
				83CBBA211A601CBA00E9B192 /* Release */,
			);
			defaultConfigurationIsVisible = 0;
			defaultConfigurationName = Release;
		};
/* End XCConfigurationList section */
	};
	rootObject = 83CBB9F71A601CBA00E9B192 /* Project object */;
}
